
Microsoft Visual Studio Solution File, Format Version 12.00
# Visual Studio Version 16
VisualStudioVersion = 16.0.33027.164
MinimumVisualStudioVersion = 10.0.40219.1
Project("{8BC9CEB8-8B4A-11D0-8D11-00A0C91BC942}") = "Server", "Server\Server.vcxproj", "{860F7653-F319-4988-9CEC-163AAEE5D7B2}"
EndProject
Global
	GlobalSection(SolutionConfigurationPlatforms) = preSolution
		Debug|x64 = Debug|x64
		Debug|x86 = Debug|x86
		Release|x64 = Release|x64
		Release|x86 = Release|x86
	EndGlobalSection
	GlobalSection(ProjectConfigurationPlatforms) = postSolution
		{860F7653-F319-4988-9CEC-163AAEE5D7B2}.Debug|x64.ActiveCfg = Debug|x64
		{860F7653-F319-4988-9CEC-163AAEE5D7B2}.Debug|x64.Build.0 = Debug|x64
		{860F7653-F319-4988-9CEC-163AAEE5D7B2}.Debug|x86.ActiveCfg = Debug|Win32
		{860F7653-F319-4988-9CEC-163AAEE5D7B2}.Debug|x86.Build.0 = Debug|Win32
		{860F7653-F319-4988-9CEC-163AAEE5D7B2}.Release|x64.ActiveCfg = Release|x64
		{860F7653-F319-4988-9CEC-163AAEE5D7B2}.Release|x64.Build.0 = Release|x64
		{860F7653-F319-4988-9CEC-163AAEE5D7B2}.Release|x86.ActiveCfg = Release|Win32
		{860F7653-F319-4988-9CEC-163AAEE5D7B2}.Release|x86.Build.0 = Release|Win32
	EndGlobalSection
	GlobalSection(SolutionProperties) = preSolution
		HideSolutionNode = FALSE
	EndGlobalSection
	GlobalSection(ExtensibilityGlobals) = postSolution
		SolutionGuid = {070190A5-8076-4608-B9F8-3BA0437A5EF4}
	EndGlobalSection
EndGlobal
